
Microsoft Visual Studio Solution File, Format Version 12.00
# Visual Studio Version 17
VisualStudioVersion = 17.9.34728.123
MinimumVisualStudioVersion = 10.0.40219.1
Project("{FAE04EC0-301F-11D3-BF4B-00C04F79EFBC}") = "Assignment__3_(Library)", "Assignment__3_(Library)\Assignment__3_(Library).csproj", "{01B909D4-CBBA-48E8-8ED3-3DA52B0F0905}"
EndProject
Global
	GlobalSection(SolutionConfigurationPlatforms) = preSolution
		Debug|Any CPU = Debug|Any CPU
		Release|Any CPU = Release|Any CPU
	EndGlobalSection
	GlobalSection(ProjectConfigurationPlatforms) = postSolution
		{01B909D4-CBBA-48E8-8ED3-3DA52B0F0905}.Debug|Any CPU.ActiveCfg = Debug|Any CPU
		{01B909D4-CBBA-48E8-8ED3-3DA52B0F0905}.Debug|Any CPU.Build.0 = Debug|Any CPU
		{01B909D4-CBBA-48E8-8ED3-3DA52B0F0905}.Release|Any CPU.ActiveCfg = Release|Any CPU
		{01B909D4-CBBA-48E8-8ED3-3DA52B0F0905}.Release|Any CPU.Build.0 = Release|Any CPU
	EndGlobalSection
	GlobalSection(SolutionProperties) = preSolution
		HideSolutionNode = FALSE
	EndGlobalSection
	GlobalSection(ExtensibilityGlobals) = postSolution
		SolutionGuid = {1A81DCD4-8038-49EE-9804-44ABC998A1CE}
	EndGlobalSection
EndGlobal
